
Microsoft Visual Studio Solution File, Format Version 12.00
# Visual Studio Version 17
VisualStudioVersion = 17.10.34902.84
MinimumVisualStudioVersion = 10.0.40219.1
Project("{9A19103F-16F7-4668-BE54-9A1E7A4F7556}") = "Groffe.Distancias", "Groffe.Distancias.csproj", "{46677441-8829-4DFF-A1FC-87DB8002AA16}"
EndProject
Project("{FAE04EC0-301F-11D3-BF4B-00C04F79EFBC}") = "Groffe.Distancias.Testes", "..\Groffe.Distancias.Testes\Groffe.Distancias.Testes.csproj", "{6451787B-5FAA-4D25-81F6-93D3613A576F}"
EndProject
Global
	GlobalSection(SolutionConfigurationPlatforms) = preSolution
		Debug|Any CPU = Debug|Any CPU
		Release|Any CPU = Release|Any CPU
	EndGlobalSection
	GlobalSection(ProjectConfigurationPlatforms) = postSolution
		{46677441-8829-4DFF-A1FC-87DB8002AA16}.Debug|Any CPU.ActiveCfg = Debug|Any CPU
		{46677441-8829-4DFF-A1FC-87DB8002AA16}.Debug|Any CPU.Build.0 = Debug|Any CPU
		{46677441-8829-4DFF-A1FC-87DB8002AA16}.Release|Any CPU.ActiveCfg = Release|Any CPU
		{46677441-8829-4DFF-A1FC-87DB8002AA16}.Release|Any CPU.Build.0 = Release|Any CPU
		{6451787B-5FAA-4D25-81F6-93D3613A576F}.Debug|Any CPU.ActiveCfg = Debug|Any CPU
		{6451787B-5FAA-4D25-81F6-93D3613A576F}.Debug|Any CPU.Build.0 = Debug|Any CPU
		{6451787B-5FAA-4D25-81F6-93D3613A576F}.Release|Any CPU.ActiveCfg = Release|Any CPU
		{6451787B-5FAA-4D25-81F6-93D3613A576F}.Release|Any CPU.Build.0 = Release|Any CPU
	EndGlobalSection
	GlobalSection(SolutionProperties) = preSolution
		HideSolutionNode = FALSE
	EndGlobalSection
	GlobalSection(ExtensibilityGlobals) = postSolution
		SolutionGuid = {885CBE32-A612-49D9-919D-1FD4AD73530E}
	EndGlobalSection
EndGlobal
